
Microsoft Visual Studio Solution File, Format Version 12.00
# Visual Studio Version 17
VisualStudioVersion = 17.5.001.0
MinimumVisualStudioVersion = 10.0.40219.1
Project("{9A19103F-16F7-4668-BE54-9A1E7A4F7556}") = "PoshAnywhere", "PoshAnywhere.csproj", "{D58B099A-3361-4973-97DD-6063D082CBEC}"
EndProject
Global
	GlobalSection(SolutionConfigurationPlatforms) = preSolution
		Debug|Any CPU = Debug|Any CPU
		Release|Any CPU = Release|Any CPU
	EndGlobalSection
	GlobalSection(ProjectConfigurationPlatforms) = postSolution
		{D58B099A-3361-4973-97DD-6063D082CBEC}.Debug|Any CPU.ActiveCfg = Debug|Any CPU
		{D58B099A-3361-4973-97DD-6063D082CBEC}.Debug|Any CPU.Build.0 = Debug|Any CPU
		{D58B099A-3361-4973-97DD-6063D082CBEC}.Release|Any CPU.ActiveCfg = Release|Any CPU
		{D58B099A-3361-4973-97DD-6063D082CBEC}.Release|Any CPU.Build.0 = Release|Any CPU
	EndGlobalSection
	GlobalSection(SolutionProperties) = preSolution
		HideSolutionNode = FALSE
	EndGlobalSection
	GlobalSection(ExtensibilityGlobals) = postSolution
		SolutionGuid = {92114D12-3066-44FE-9095-E6BB2BCE9535}
	EndGlobalSection
EndGlobal
